dependencies:
- name: postgresql
  repository: https://charts.bitnami.com/bitnami
  version: 12.1.0
- name: ingress-nginx
  repository: https://kubernetes.github.io/ingress-nginx
  version: 4.3.0
- name: fluentd
  repository: https://charts.bitnami.com/bitnami
  version: 5.5.7
- name: elasticsearch
  repository: https://charts.bitnami.com/bitnami
  version: 19.5.0
digest: sha256:d78c2263adcc449508cb47d94627d4d994a20c89cb10d4fbb2d28e861033d1bd
generated: "2022-11-09T11:17:55.5871724Z"
